// !$*UTF8*$!
{
	archiveVersion = 1;
	classes = {
	};
	objectVersion = 46;
	objects = {

/* Begin PBXBuildFile section */
		0A1511F117E3B71800848E3C /* TODO in Resources */ = {isa = PBXBuildFile; fileRef = 0A1511F017E3B71800848E3C /* TODO */; };
		0A209EB317CA8079002B6ACF /* Foundation.framework in Frameworks */ = {isa = PBXBuildFile; fileRef = 0A209EB217CA8079002B6ACF /* Foundation.framework */; };
		0A209EB517CA8079002B6ACF /* CoreGraphics.framework in Frameworks */ = {isa = PBXBuildFile; fileRef = 0A209EB417CA8079002B6ACF /* CoreGraphics.framework */; };
		0A209EB717CA8079002B6ACF /* UIKit.framework in Frameworks */ = {isa = PBXBuildFile; fileRef = 0A209EB617CA8079002B6ACF /* UIKit.framework */; };
		0A209EBD17CA8079002B6ACF /* InfoPlist.strings in Resources */ = {isa = PBXBuildFile; fileRef = 0A209EBB17CA8079002B6ACF /* InfoPlist.strings */; };
		0A209EBF17CA8079002B6ACF /* main.m in Sources */ = {isa = PBXBuildFile; fileRef = 0A209EBE17CA8079002B6ACF /* main.m */; };
		0A209EC317CA8079002B6ACF /* RSAppDelegate.m in Sources */ = {isa = PBXBuildFile; fileRef = 0A209EC217CA8079002B6ACF /* RSAppDelegate.m */; };
		0A209EC617CA8079002B6ACF /* Main_iPhone.storyboard in Resources */ = {isa = PBXBuildFile; fileRef = 0A209EC417CA8079002B6ACF /* Main_iPhone.storyboard */; };
		0A209EC917CA8079002B6ACF /* Main_iPad.storyboard in Resources */ = {isa = PBXBuildFile; fileRef = 0A209EC717CA8079002B6ACF /* Main_iPad.storyboard */; };
		0A209ECC17CA8079002B6ACF /* RSViewController.m in Sources */ = {isa = PBXBuildFile; fileRef = 0A209ECB17CA8079002B6ACF /* RSViewController.m */; };
		0A209ECE17CA8079002B6ACF /* Images.xcassets in Resources */ = {isa = PBXBuildFile; fileRef = 0A209ECD17CA8079002B6ACF /* Images.xcassets */; };
		0A209EEB17CA89D6002B6ACF /* Security.framework in Frameworks */ = {isa = PBXBuildFile; fileRef = 0A209EEA17CA89D6002B6ACF /* Security.framework */; };
		0A209EEF17CA8A1C002B6ACF /* GCDAsyncSocket.m in Sources */ = {isa = PBXBuildFile; fileRef = 0A209EEE17CA8A1C002B6ACF /* GCDAsyncSocket.m */; };
		0A209EF217CA8B08002B6ACF /* RSNetworkController.m in Sources */ = {isa = PBXBuildFile; fileRef = 0A209EF117CA8B08002B6ACF /* RSNetworkController.m */; };
		0A3979FE17CBF420003466AF /* RSStatusUpdate.m in Sources */ = {isa = PBXBuildFile; fileRef = 0A3979FD17CBF420003466AF /* RSStatusUpdate.m */; };
		0A4ABAAD17D16F28007848FB /* RSGCHelper.m in Sources */ = {isa = PBXBuildFile; fileRef = 0A4ABAAC17D16F28007848FB /* RSGCHelper.m */; };
		0A4ABAB017D4CA72007848FB /* RSGameViewController.m in Sources */ = {isa = PBXBuildFile; fileRef = 0A4ABAAF17D4CA72007848FB /* RSGameViewController.m */; };
		0AAF7B7217CAB25B001E74D8 /* RSGameView.m in Sources */ = {isa = PBXBuildFile; fileRef = 0AAF7B7117CAB25B001E74D8 /* RSGameView.m */; };
		0AAF7B7417CACBEE001E74D8 /* GameKit.framework in Frameworks */ = {isa = PBXBuildFile; fileRef = 0AAF7B7317CACBEE001E74D8 /* GameKit.framework */; };
		0ACB597F17DB984E0076A14B /* RSGameUpdate.m in Sources */ = {isa = PBXBuildFile; fileRef = 0ACB597E17DB984E0076A14B /* RSGameUpdate.m */; };
		0ACB598217DCC5540076A14B /* RSVisibleCard.m in Sources */ = {isa = PBXBuildFile; fileRef = 0ACB598117DCC5540076A14B /* RSVisibleCard.m */; };
		0AD4DD4F17E90A7000DADD0B /* RSCardSuits.m in Sources */ = {isa = PBXBuildFile; fileRef = 0AD4DD4E17E90A7000DADD0B /* RSCardSuits.m */; };
/* End PBXBuildFile section */

/* Begin PBXFileReference section */
		0A1511F017E3B71800848E3C /* TODO */ = {isa = PBXFileReference; fileEncoding = 4; lastKnownFileType = text; path = TODO; sourceTree = "<group>"; };
		0A209EAF17CA8079002B6ACF /* Rat Slap.app */ = {isa = PBXFileReference; explicitFileType = wrapper.application; includeInIndex = 0; path = "Rat Slap.app"; sourceTree = BUILT_PRODUCTS_DIR; };
		0A209EB217CA8079002B6ACF /* Foundation.framework */ = {isa = PBXFileReference; lastKnownFileType = wrapper.framework; name = Foundation.framework; path = System/Library/Frameworks/Foundation.framework; sourceTree = SDKROOT; };
		0A209EB417CA8079002B6ACF /* CoreGraphics.framework */ = {isa = PBXFileReference; lastKnownFileType = wrapper.framework; name = CoreGraphics.framework; path = System/Library/Frameworks/CoreGraphics.framework; sourceTree = SDKROOT; };
		0A209EB617CA8079002B6ACF /* UIKit.framework */ = {isa = PBXFileReference; lastKnownFileType = wrapper.framework; name = UIKit.framework; path = System/Library/Frameworks/UIKit.framework; sourceTree = SDKROOT; };
		0A209EBA17CA8079002B6ACF /* Rat Slap Touch-Info.plist */ = {isa = PBXFileReference; lastKnownFileType = text.plist.xml; path = "Rat Slap Touch-Info.plist"; sourceTree = "<group>"; };
		0A209EBC17CA8079002B6ACF /* en */ = {isa = PBXFileReference; lastKnownFileType = text.plist.strings; name = en; path = en.lproj/InfoPlist.strings; sourceTree = "<group>"; };
		0A209EBE17CA8079002B6ACF /* main.m */ = {isa = PBXFileReference; lastKnownFileType = sourcecode.c.objc; path = main.m; sourceTree = "<group>"; };
		0A209EC017CA8079002B6ACF /* Rat Slap Touch-Prefix.pch */ = {isa = PBXFileReference; lastKnownFileType = sourcecode.c.h; path = "Rat Slap Touch-Prefix.pch"; sourceTree = "<group>"; };
		0A209EC117CA8079002B6ACF /* RSAppDelegate.h */ = {isa = PBXFileReference; lastKnownFileType = sourcecode.c.h; path = RSAppDelegate.h; sourceTree = "<group>"; };
		0A209EC217CA8079002B6ACF /* RSAppDelegate.m */ = {isa = PBXFileReference; lastKnownFileType = sourcecode.c.objc; path = RSAppDelegate.m; sourceTree = "<group>"; };
		0A209EC517CA8079002B6ACF /* Base */ = {isa = PBXFileReference; lastKnownFileType = file.storyboard; name = Base; path = Base.lproj/Main_iPhone.storyboard; sourceTree = "<group>"; };
		0A209EC817CA8079002B6ACF /* Base */ = {isa = PBXFileReference; lastKnownFileType = file.storyboard; name = Base; path = Base.lproj/Main_iPad.storyboard; sourceTree = "<group>"; };
		0A209ECA17CA8079002B6ACF /* RSViewController.h */ = {isa = PBXFileReference; lastKnownFileType = sourcecode.c.h; path = RSViewController.h; sourceTree = "<group>"; };
		0A209ECB17CA8079002B6ACF /* RSViewController.m */ = {isa = PBXFileReference; lastKnownFileType = sourcecode.c.objc; path = RSViewController.m; sourceTree = "<group>"; };
		0A209ECD17CA8079002B6ACF /* Images.xcassets */ = {isa = PBXFileReference; lastKnownFileType = folder.assetcatalog; path = Images.xcassets; sourceTree = "<group>"; };
		0A209ED417CA8079002B6ACF /* XCTest.framework */ = {isa = PBXFileReference; lastKnownFileType = wrapper.framework; name = XCTest.framework; path = Library/Frameworks/XCTest.framework; sourceTree = DEVELOPER_DIR; };
		0A209EEA17CA89D6002B6ACF /* Security.framework */ = {isa = PBXFileReference; lastKnownFileType = wrapper.framework; name = Security.framework; path = System/Library/Frameworks/Security.framework; sourceTree = SDKROOT; };
		0A209EED17CA8A1C002B6ACF /* GCDAsyncSocket.h */ = {isa = PBXFileReference; fileEncoding = 4; lastKnownFileType = sourcecode.c.h; path = GCDAsyncSocket.h; sourceTree = "<group>"; };
		0A209EEE17CA8A1C002B6ACF /* GCDAsyncSocket.m */ = {isa = PBXFileReference; fileEncoding = 4; lastKnownFileType = sourcecode.c.objc; path = GCDAsyncSocket.m; sourceTree = "<group>"; };
		0A209EF017CA8B08002B6ACF /* RSNetworkController.h */ = {isa = PBXFileReference; fileEncoding = 4; lastKnownFileType = sourcecode.c.h; path = RSNetworkController.h; sourceTree = "<group>"; };
		0A209EF117CA8B08002B6ACF /* RSNetworkController.m */ = {isa = PBXFileReference; fileEncoding = 4; lastKnownFileType = sourcecode.c.objc; path = RSNetworkController.m; sourceTree = "<group>"; };
		0A3979FC17CBF420003466AF /* RSStatusUpdate.h */ = {isa = PBXFileReference; fileEncoding = 4; lastKnownFileType = sourcecode.c.h; path = RSStatusUpdate.h; sourceTree = "<group>"; };
		0A3979FD17CBF420003466AF /* RSStatusUpdate.m */ = {isa = PBXFileReference; fileEncoding = 4; lastKnownFileType = sourcecode.c.objc; path = RSStatusUpdate.m; sourceTree = "<group>"; };
		0A4ABAAB17D16F28007848FB /* RSGCHelper.h */ = {isa = PBXFileReference; fileEncoding = 4; lastKnownFileType = sourcecode.c.h; path = RSGCHelper.h; sourceTree = "<group>"; };
		0A4ABAAC17D16F28007848FB /* RSGCHelper.m */ = {isa = PBXFileReference; fileEncoding = 4; lastKnownFileType = sourcecode.c.objc; path = RSGCHelper.m; sourceTree = "<group>"; };
		0A4ABAAE17D4CA72007848FB /* RSGameViewController.h */ = {isa = PBXFileReference; fileEncoding = 4; lastKnownFileType = sourcecode.c.h; path = RSGameViewController.h; sourceTree = "<group>"; };
		0A4ABAAF17D4CA72007848FB /* RSGameViewController.m */ = {isa = PBXFileReference; fileEncoding = 4; lastKnownFileType = sourcecode.c.objc; path = RSGameViewController.m; sourceTree = "<group>"; };
		0AAF7B7017CAB25B001E74D8 /* RSGameView.h */ = {isa = PBXFileReference; fileEncoding = 4; lastKnownFileType = sourcecode.c.h; path = RSGameView.h; sourceTree = "<group>"; };
		0AAF7B7117CAB25B001E74D8 /* RSGameView.m */ = {isa = PBXFileReference; fileEncoding = 4; lastKnownFileType = sourcecode.c.objc; path = RSGameView.m; sourceTree = "<group>"; };
		0AAF7B7317CACBEE001E74D8 /* GameKit.framework */ = {isa = PBXFileReference; lastKnownFileType = wrapper.framework; name = GameKit.framework; path = System/Library/Frameworks/GameKit.framework; sourceTree = SDKROOT; };
		0ACB597D17DB984E0076A14B /* RSGameUpdate.h */ = {isa = PBXFileReference; fileEncoding = 4; lastKnownFileType = sourcecode.c.h; path = RSGameUpdate.h; sourceTree = "<group>"; };
		0ACB597E17DB984E0076A14B /* RSGameUpdate.m */ = {isa = PBXFileReference; fileEncoding = 4; lastKnownFileType = sourcecode.c.objc; path = RSGameUpdate.m; sourceTree = "<group>"; };
		0ACB598017DCC5540076A14B /* RSVisibleCard.h */ = {isa = PBXFileReference; fileEncoding = 4; lastKnownFileType = sourcecode.c.h; path = RSVisibleCard.h; sourceTree = "<group>"; };
		0ACB598117DCC5540076A14B /* RSVisibleCard.m */ = {isa = PBXFileReference; fileEncoding = 4; lastKnownFileType = sourcecode.c.objc; path = RSVisibleCard.m; sourceTree = "<group>"; };
		0AD4DD4D17E90A7000DADD0B /* RSCardSuits.h */ = {isa = PBXFileReference; fileEncoding = 4; lastKnownFileType = sourcecode.c.h; path = RSCardSuits.h; sourceTree = "<group>"; };
		0AD4DD4E17E90A7000DADD0B /* RSCardSuits.m */ = {isa = PBXFileReference; fileEncoding = 4; lastKnownFileType = sourcecode.c.objc; path = RSCardSuits.m; sourceTree = "<group>"; };
/* End PBXFileReference section */

/* Begin PBXFrameworksBuildPhase section */
		0A209EAC17CA8079002B6ACF /* Frameworks */ = {
			isa = PBXFrameworksBuildPhase;
			buildActionMask = 2147483647;
			files = (
				0A209EEB17CA89D6002B6ACF /* Security.framework in Frameworks */,
				0A209EB517CA8079002B6ACF /* CoreGraphics.framework in Frameworks */,
				0A209EB717CA8079002B6ACF /* UIKit.framework in Frameworks */,
				0A209EB317CA8079002B6ACF /* Foundation.framework in Frameworks */,
				0AAF7B7417CACBEE001E74D8 /* GameKit.framework in Frameworks */,
			);
			runOnlyForDeploymentPostprocessing = 0;
		};
/* End PBXFrameworksBuildPhase section */

/* Begin PBXGroup section */
		0A209EA617CA8079002B6ACF = {
			isa = PBXGroup;
			children = (
				0A1511F017E3B71800848E3C /* TODO */,
				0A209EEC17CA89E9002B6ACF /* GCDAsyncSocket */,
				0A209EB817CA8079002B6ACF /* Rat Slap Touch */,
				0A209EB117CA8079002B6ACF /* Frameworks */,
				0A209EB017CA8079002B6ACF /* Products */,
			);
			sourceTree = "<group>";
		};
		0A209EB017CA8079002B6ACF /* Products */ = {
			isa = PBXGroup;
			children = (
				0A209EAF17CA8079002B6ACF /* Rat Slap.app */,
			);
			name = Products;
			sourceTree = "<group>";
		};
		0A209EB117CA8079002B6ACF /* Frameworks */ = {
			isa = PBXGroup;
			children = (
				0AAF7B7317CACBEE001E74D8 /* GameKit.framework */,
				0A209EEA17CA89D6002B6ACF /* Security.framework */,
				0A209EB217CA8079002B6ACF /* Foundation.framework */,
				0A209EB417CA8079002B6ACF /* CoreGraphics.framework */,
				0A209EB617CA8079002B6ACF /* UIKit.framework */,
				0A209ED417CA8079002B6ACF /* XCTest.framework */,
			);
			name = Frameworks;
			sourceTree = "<group>";
		};
		0A209EB817CA8079002B6ACF /* Rat Slap Touch */ = {
			isa = PBXGroup;
			children = (
				0A209EF017CA8B08002B6ACF /* RSNetworkController.h */,
				0A209EF117CA8B08002B6ACF /* RSNetworkController.m */,
				0A4ABAAB17D16F28007848FB /* RSGCHelper.h */,
				0A4ABAAC17D16F28007848FB /* RSGCHelper.m */,
				0A3979FC17CBF420003466AF /* RSStatusUpdate.h */,
				0A3979FD17CBF420003466AF /* RSStatusUpdate.m */,
				0ACB597D17DB984E0076A14B /* RSGameUpdate.h */,
				0ACB597E17DB984E0076A14B /* RSGameUpdate.m */,
				0ACB598017DCC5540076A14B /* RSVisibleCard.h */,
				0ACB598117DCC5540076A14B /* RSVisibleCard.m */,
				0AAF7B7017CAB25B001E74D8 /* RSGameView.h */,
				0AAF7B7117CAB25B001E74D8 /* RSGameView.m */,
				0AD4DD4D17E90A7000DADD0B /* RSCardSuits.h */,
				0AD4DD4E17E90A7000DADD0B /* RSCardSuits.m */,
				0A4ABAAE17D4CA72007848FB /* RSGameViewController.h */,
				0A4ABAAF17D4CA72007848FB /* RSGameViewController.m */,
				0A209ECA17CA8079002B6ACF /* RSViewController.h */,
				0A209ECB17CA8079002B6ACF /* RSViewController.m */,
				0A209EC117CA8079002B6ACF /* RSAppDelegate.h */,
				0A209EC217CA8079002B6ACF /* RSAppDelegate.m */,
				0A209EC417CA8079002B6ACF /* Main_iPhone.storyboard */,
				0A209EC717CA8079002B6ACF /* Main_iPad.storyboard */,
				0A209ECD17CA8079002B6ACF /* Images.xcassets */,
				0A209EB917CA8079002B6ACF /* Supporting Files */,
			);
			path = "Rat Slap Touch";
			sourceTree = "<group>";
		};
		0A209EB917CA8079002B6ACF /* Supporting Files */ = {
			isa = PBXGroup;
			children = (
				0A209EBA17CA8079002B6ACF /* Rat Slap Touch-Info.plist */,
				0A209EBB17CA8079002B6ACF /* InfoPlist.strings */,
				0A209EBE17CA8079002B6ACF /* main.m */,
				0A209EC017CA8079002B6ACF /* Rat Slap Touch-Prefix.pch */,
			);
			name = "Supporting Files";
			sourceTree = "<group>";
		};
		0A209EEC17CA89E9002B6ACF /* GCDAsyncSocket */ = {
			isa = PBXGroup;
			children = (
				0A209EED17CA8A1C002B6ACF /* GCDAsyncSocket.h */,
				0A209EEE17CA8A1C002B6ACF /* GCDAsyncSocket.m */,
			);
			name = GCDAsyncSocket;
			sourceTree = "<group>";
		};
/* End PBXGroup section */

/* Begin PBXNativeTarget section */
		0A209EAE17CA8079002B6ACF /* Rat Slap */ = {
			isa = PBXNativeTarget;
			buildConfigurationList = 0A209EE417CA8079002B6ACF /* Build configuration list for PBXNativeTarget "Rat Slap" */;
			buildPhases = (
				0A209EAB17CA8079002B6ACF /* Sources */,
				0A209EAC17CA8079002B6ACF /* Frameworks */,
				0A209EAD17CA8079002B6ACF /* Resources */,
			);
			buildRules = (
			);
			dependencies = (
			);
			name = "Rat Slap";
			productName = "Rat Slap Touch";
			productReference = 0A209EAF17CA8079002B6ACF /* Rat Slap.app */;
			productType = "com.apple.product-type.application";
		};
/* End PBXNativeTarget section */

/* Begin PBXProject section */
		0A209EA717CA8079002B6ACF /* Project object */ = {
			isa = PBXProject;
			attributes = {
				CLASSPREFIX = RS;
				LastUpgradeCheck = 0500;
				ORGANIZATIONNAME = mandrake;
				TargetAttributes = {
					0A209EAE17CA8079002B6ACF = {
						DevelopmentTeam = D2FA7YYCVS;
						SystemCapabilities = {
							com.apple.GameCenter = {
								enabled = 1;
							};
						};
					};
				};
			};
			buildConfigurationList = 0A209EAA17CA8079002B6ACF /* Build configuration list for PBXProject "Rat Slap Touch" */;
			compatibilityVersion = "Xcode 3.2";
			developmentRegion = English;
			hasScannedForEncodings = 0;
			knownRegions = (
				en,
				Base,
			);
			mainGroup = 0A209EA617CA8079002B6ACF;
			productRefGroup = 0A209EB017CA8079002B6ACF /* Products */;
			projectDirPath = "";
			projectRoot = "";
			targets = (
				0A209EAE17CA8079002B6ACF /* Rat Slap */,
			);
		};
/* End PBXProject section */

/* Begin PBXResourcesBuildPhase section */
		0A209EAD17CA8079002B6ACF /* Resources */ = {
			isa = PBXResourcesBuildPhase;
			buildActionMask = 2147483647;
			files = (
				0A209EC917CA8079002B6ACF /* Main_iPad.storyboard in Resources */,
				0A1511F117E3B71800848E3C /* TODO in Resources */,
				0A209ECE17CA8079002B6ACF /* Images.xcassets in Resources */,
				0A209EC617CA8079002B6ACF /* Main_iPhone.storyboard in Resources */,
				0A209EBD17CA8079002B6ACF /* InfoPlist.strings in Resources */,
			);
			runOnlyForDeploymentPostprocessing = 0;
		};
/* End PBXResourcesBuildPhase section */

/* Begin PBXSourcesBuildPhase section */
		0A209EAB17CA8079002B6ACF /* Sources */ = {
			isa = PBXSourcesBuildPhase;
			buildActionMask = 2147483647;
			files = (
				0A4ABAB017D4CA72007848FB /* RSGameViewController.m in Sources */,
				0A3979FE17CBF420003466AF /* RSStatusUpdate.m in Sources */,
				0A209EEF17CA8A1C002B6ACF /* GCDAsyncSocket.m in Sources */,
				0AD4DD4F17E90A7000DADD0B /* RSCardSuits.m in Sources */,
				0ACB598217DCC5540076A14B /* RSVisibleCard.m in Sources */,
				0A209EBF17CA8079002B6ACF /* main.m in Sources */,
				0A209EC317CA8079002B6ACF /* RSAppDelegate.m in Sources */,
				0AAF7B7217CAB25B001E74D8 /* RSGameView.m in Sources */,
				0A209EF217CA8B08002B6ACF /* RSNetworkController.m in Sources */,
				0A4ABAAD17D16F28007848FB /* RSGCHelper.m in Sources */,
				0A209ECC17CA8079002B6ACF /* RSViewController.m in Sources */,
				0ACB597F17DB984E0076A14B /* RSGameUpdate.m in Sources */,
			);
			runOnlyForDeploymentPostprocessing = 0;
		};
/* End PBXSourcesBuildPhase section */

/* Begin PBXVariantGroup section */
		0A209EBB17CA8079002B6ACF /* InfoPlist.strings */ = {
			isa = PBXVariantGroup;
			children = (
				0A209EBC17CA8079002B6ACF /* en */,
			);
			name = InfoPlist.strings;
			sourceTree = "<group>";
		};
		0A209EC417CA8079002B6ACF /* Main_iPhone.storyboard */ = {
			isa = PBXVariantGroup;
			children = (
				0A209EC517CA8079002B6ACF /* Base */,
			);
			name = Main_iPhone.storyboard;
			sourceTree = "<group>";
		};
		0A209EC717CA8079002B6ACF /* Main_iPad.storyboard */ = {
			isa = PBXVariantGroup;
			children = (
				0A209EC817CA8079002B6ACF /* Base */,
			);
			name = Main_iPad.storyboard;
			sourceTree = "<group>";
		};
/* End PBXVariantGroup section */

/* Begin XCBuildConfiguration section */
		0A209EE217CA8079002B6ACF /* Debug */ = {
			isa = XCBuildConfiguration;
			buildSettings = {
				ALWAYS_SEARCH_USER_PATHS = NO;
				CLANG_CXX_LANGUAGE_STANDARD = "gnu++0x";
				CLANG_CXX_LIBRARY = "libc++";
				CLANG_ENABLE_MODULES = YES;
				CLANG_ENABLE_OBJC_ARC = YES;
				CLANG_WARN_BOOL_CONVERSION = YES;
				CLANG_WARN_CONSTANT_CONVERSION = YES;
				CLANG_WARN_DIRECT_OBJC_ISA_USAGE = YES_ERROR;
				CLANG_WARN_EMPTY_BODY = YES;
				CLANG_WARN_ENUM_CONVERSION = YES;
				CLANG_WARN_INT_CONVERSION = YES;
				CLANG_WARN_OBJC_ROOT_CLASS = YES_ERROR;
				CLANG_WARN__DUPLICATE_METHOD_MATCH = YES;
				"CODE_SIGN_IDENTITY[sdk=iphoneos*]" = "iPhone Developer";
				COPY_PHASE_STRIP = NO;
				GCC_C_LANGUAGE_STANDARD = gnu99;
				GCC_DYNAMIC_NO_PIC = NO;
				GCC_OPTIMIZATION_LEVEL = 0;
				GCC_PREPROCESSOR_DEFINITIONS = (
					"DEBUG=1",
					"$(inherited)",
				);
				GCC_SYMBOLS_PRIVATE_EXTERN = NO;
				GCC_WARN_ABOUT_RETURN_TYPE = YES_ERROR;
				GCC_WARN_UNDECLARED_SELECTOR = YES;
				GCC_WARN_UNINITIALIZED_AUTOS = YES;
				GCC_WARN_UNUSED_FUNCTION = YES;
				GCC_WARN_UNUSED_VARIABLE = YES;
				IPHONEOS_DEPLOYMENT_TARGET = 7.0;
				ONLY_ACTIVE_ARCH = YES;
				SDKROOT = iphoneos;
				TARGETED_DEVICE_FAMILY = "1,2";
			};
			name = Debug;
		};
		0A209EE317CA8079002B6ACF /* Release */ = {
			isa = XCBuildConfiguration;
			buildSettings = {
				ALWAYS_SEARCH_USER_PATHS = NO;
				CLANG_CXX_LANGUAGE_STANDARD = "gnu++0x";
				CLANG_CXX_LIBRARY = "libc++";
				CLANG_ENABLE_MODULES = YES;
				CLANG_ENABLE_OBJC_ARC = YES;
				CLANG_WARN_BOOL_CONVERSION = YES;
				CLANG_WARN_CONSTANT_CONVERSION = YES;
				CLANG_WARN_DIRECT_OBJC_ISA_USAGE = YES_ERROR;
				CLANG_WARN_EMPTY_BODY = YES;
				CLANG_WARN_ENUM_CONVERSION = YES;
				CLANG_WARN_INT_CONVERSION = YES;
				CLANG_WARN_OBJC_ROOT_CLASS = YES_ERROR;
				CLANG_WARN__DUPLICATE_METHOD_MATCH = YES;
				"CODE_SIGN_IDENTITY[sdk=iphoneos*]" = "iPhone Developer";
				COPY_PHASE_STRIP = YES;
				ENABLE_NS_ASSERTIONS = NO;
				GCC_C_LANGUAGE_STANDARD = gnu99;
				GCC_WARN_ABOUT_RETURN_TYPE = YES_ERROR;
				GCC_WARN_UNDECLARED_SELECTOR = YES;
				GCC_WARN_UNINITIALIZED_AUTOS = YES;
				GCC_WARN_UNUSED_FUNCTION = YES;
				GCC_WARN_UNUSED_VARIABLE = YES;
				IPHONEOS_DEPLOYMENT_TARGET = 7.0;
				SDKROOT = iphoneos;
				TARGETED_DEVICE_FAMILY = "1,2";
				VALIDATE_PRODUCT = YES;
			};
			name = Release;
		};
		0A209EE517CA8079002B6ACF /* Debug */ = {
			isa = XCBuildConfiguration;
			buildSettings = {
				ASSETCATALOG_COMPILER_APPICON_NAME = AppIcon;
				ASSETCATALOG_COMPILER_LAUNCHIMAGE_NAME = LaunchImage;
				CODE_SIGN_IDENTITY = "iPhone Developer";
				"CODE_SIGN_IDENTITY[sdk=iphoneos*]" = "iPhone Developer";
				GCC_PRECOMPILE_PREFIX_HEADER = YES;
				GCC_PREFIX_HEADER = "Rat Slap Touch/Rat Slap Touch-Prefix.pch";
				INFOPLIST_FILE = "Rat Slap Touch/Rat Slap Touch-Info.plist";
				PRODUCT_NAME = "$(TARGET_NAME)";
				PROVISIONING_PROFILE = "";
				TARGETED_DEVICE_FAMILY = "1,2";
				WRAPPER_EXTENSION = app;
			};
			name = Debug;
		};
		0A209EE617CA8079002B6ACF /* Release */ = {
			isa = XCBuildConfiguration;
			buildSettings = {
				ASSETCATALOG_COMPILER_APPICON_NAME = AppIcon;
				ASSETCATALOG_COMPILER_LAUNCHIMAGE_NAME = LaunchImage;
				CODE_SIGN_IDENTITY = "iPhone Developer";
				"CODE_SIGN_IDENTITY[sdk=iphoneos*]" = "iPhone Developer";
				GCC_PRECOMPILE_PREFIX_HEADER = YES;
				GCC_PREFIX_HEADER = "Rat Slap Touch/Rat Slap Touch-Prefix.pch";
				INFOPLIST_FILE = "Rat Slap Touch/Rat Slap Touch-Info.plist";
				PRODUCT_NAME = "$(TARGET_NAME)";
				PROVISIONING_PROFILE = "";
				TARGETED_DEVICE_FAMILY = "1,2";
				WRAPPER_EXTENSION = app;
			};
			name = Release;
		};
/* End XCBuildConfiguration section */

/* Begin XCConfigurationList section */
		0A209EAA17CA8079002B6ACF /* Build configuration list for PBXProject "Rat Slap Touch" */ = {
			isa = XCConfigurationList;
			buildConfigurations = (
				0A209EE217CA8079002B6ACF /* Debug */,
				0A209EE317CA8079002B6ACF /* Release */,
			);
			defaultConfigurationIsVisible = 0;
			defaultConfigurationName = Release;
		};
		0A209EE417CA8079002B6ACF /* Build configuration list for PBXNativeTarget "Rat Slap" */ = {
			isa = XCConfigurationList;
			buildConfigurations = (
				0A209EE517CA8079002B6ACF /* Debug */,
				0A209EE617CA8079002B6ACF /* Release */,
			);
			defaultConfigurationIsVisible = 0;
			defaultConfigurationName = Release;
		};
/* End XCConfigurationList section */
	};
	rootObject = 0A209EA717CA8079002B6ACF /* Project object */;
}
